
Microsoft Visual Studio Solution File, Format Version 12.00
# Visual Studio Version 16
VisualStudioVersion = 16.0.30907.101
MinimumVisualStudioVersion = 10.0.40219.1
Project("{9A19103F-16F7-4668-BE54-9A1E7A4F7556}") = "Ecommerce.Api.Products", "Ecommerce.Api.Products\Ecommerce.Api.Products.csproj", "{A24D9DD1-3215-433C-97BB-876458EDEB35}"
EndProject
Project("{9A19103F-16F7-4668-BE54-9A1E7A4F7556}") = "Ecommerce.Api.Customers", "Ecommerce.Api.Customers\Ecommerce.Api.Customers.csproj", "{F7643C42-B853-4321-B3AE-12CD0AA62D06}"
EndProject
Project("{9A19103F-16F7-4668-BE54-9A1E7A4F7556}") = "Ecommerce.Api.Orders", "Ecommerce.Api.Orders\Ecommerce.Api.Orders.csproj", "{7BEABABF-A00C-4829-9119-804FF3BD5585}"
EndProject
Project("{9A19103F-16F7-4668-BE54-9A1E7A4F7556}") = "Ecommerce.Api.Search", "Ecommerce.Api.Search\Ecommerce.Api.Search.csproj", "{EB2DEC8F-9D00-4B72-848E-BF084E759A63}"
EndProject
Project("{9A19103F-16F7-4668-BE54-9A1E7A4F7556}") = "Ecommerce.Api.Products.Tests", "Ecommerce.Api.Products.Tests\Ecommerce.Api.Products.Tests.csproj", "{A14E6382-92DF-4E77-A259-2A15987F86F3}"
EndProject
Project("{E53339B2-1760-4266-BCC7-CA923CBCF16C}") = "docker-compose", "docker-compose.dcproj", "{DA8252BF-02A8-4FA4-A26B-94D46E3701C2}"
EndProject
Global
	GlobalSection(SolutionConfigurationPlatforms) = preSolution
		Debug|Any CPU = Debug|Any CPU
		Release|Any CPU = Release|Any CPU
	EndGlobalSection
	GlobalSection(ProjectConfigurationPlatforms) = postSolution
		{A24D9DD1-3215-433C-97BB-876458EDEB35}.Debug|Any CPU.ActiveCfg = Debug|Any CPU
		{A24D9DD1-3215-433C-97BB-876458EDEB35}.Debug|Any CPU.Build.0 = Debug|Any CPU
		{A24D9DD1-3215-433C-97BB-876458EDEB35}.Release|Any CPU.ActiveCfg = Release|Any CPU
		{A24D9DD1-3215-433C-97BB-876458EDEB35}.Release|Any CPU.Build.0 = Release|Any CPU
		{F7643C42-B853-4321-B3AE-12CD0AA62D06}.Debug|Any CPU.ActiveCfg = Debug|Any CPU
		{F7643C42-B853-4321-B3AE-12CD0AA62D06}.Debug|Any CPU.Build.0 = Debug|Any CPU
		{F7643C42-B853-4321-B3AE-12CD0AA62D06}.Release|Any CPU.ActiveCfg = Release|Any CPU
		{F7643C42-B853-4321-B3AE-12CD0AA62D06}.Release|Any CPU.Build.0 = Release|Any CPU
		{7BEABABF-A00C-4829-9119-804FF3BD5585}.Debug|Any CPU.ActiveCfg = Debug|Any CPU
		{7BEABABF-A00C-4829-9119-804FF3BD5585}.Debug|Any CPU.Build.0 = Debug|Any CPU
		{7BEABABF-A00C-4829-9119-804FF3BD5585}.Release|Any CPU.ActiveCfg = Release|Any CPU
		{7BEABABF-A00C-4829-9119-804FF3BD5585}.Release|Any CPU.Build.0 = Release|Any CPU
		{EB2DEC8F-9D00-4B72-848E-BF084E759A63}.Debug|Any CPU.ActiveCfg = Debug|Any CPU
		{EB2DEC8F-9D00-4B72-848E-BF084E759A63}.Debug|Any CPU.Build.0 = Debug|Any CPU
		{EB2DEC8F-9D00-4B72-848E-BF084E759A63}.Release|Any CPU.ActiveCfg = Release|Any CPU
		{EB2DEC8F-9D00-4B72-848E-BF084E759A63}.Release|Any CPU.Build.0 = Release|Any CPU
		{A14E6382-92DF-4E77-A259-2A15987F86F3}.Debug|Any CPU.ActiveCfg = Debug|Any CPU
		{A14E6382-92DF-4E77-A259-2A15987F86F3}.Debug|Any CPU.Build.0 = Debug|Any CPU
		{A14E6382-92DF-4E77-A259-2A15987F86F3}.Release|Any CPU.ActiveCfg = Release|Any CPU
		{A14E6382-92DF-4E77-A259-2A15987F86F3}.Release|Any CPU.Build.0 = Release|Any CPU
		{DA8252BF-02A8-4FA4-A26B-94D46E3701C2}.Debug|Any CPU.ActiveCfg = Debug|Any CPU
		{DA8252BF-02A8-4FA4-A26B-94D46E3701C2}.Debug|Any CPU.Build.0 = Debug|Any CPU
		{DA8252BF-02A8-4FA4-A26B-94D46E3701C2}.Release|Any CPU.ActiveCfg = Release|Any CPU
		{DA8252BF-02A8-4FA4-A26B-94D46E3701C2}.Release|Any CPU.Build.0 = Release|Any CPU
	EndGlobalSection
	GlobalSection(SolutionProperties) = preSolution
		HideSolutionNode = FALSE
	EndGlobalSection
	GlobalSection(ExtensibilityGlobals) = postSolution
		SolutionGuid = {50A1BBD7-AABE-4CD2-926A-9FBD382DEA27}
	EndGlobalSection
EndGlobal
